
Microsoft Visual Studio Solution File, Format Version 12.00
# Visual Studio Version 17
VisualStudioVersion = 17.0.31903.59
MinimumVisualStudioVersion = 10.0.40219.1
Project("{2150E333-8FDC-42A3-9474-1A3956D46DE8}") = "src", "src", "{67D44161-F43D-49D1-8281-663E00A4E9D3}"
EndProject
Project("{FAE04EC0-301F-11D3-BF4B-00C04F79EFBC}") = "MyApp.Api", "src\Api\MyApp.Api.csproj", "{8B0D8B51-EB4E-45C8-8D8D-A27A4DD00D36}"
EndProject
Project("{FAE04EC0-301F-11D3-BF4B-00C04F79EFBC}") = "MyApp.Application", "src\Application\MyApp.Application.csproj", "{C620243B-45D9-47BD-A511-94FE9CAE64E6}"
EndProject
Project("{FAE04EC0-301F-11D3-BF4B-00C04F79EFBC}") = "MyApp.Domain", "src\Domain\MyApp.Domain.csproj", "{5FC3C523-D786-4D3A-9216-D1117FDE2B72}"
EndProject
Project("{FAE04EC0-301F-11D3-BF4B-00C04F79EFBC}") = "MyApp.Infrastructure", "src\Infrastructure\MyApp.Infrastructure.csproj", "{4AFDCB96-AFA3-4AA0-B159-D01842C241D0}"
EndProject
Global
	GlobalSection(SolutionConfigurationPlatforms) = preSolution
		Debug|Any CPU = Debug|Any CPU
		Release|Any CPU = Release|Any CPU
	EndGlobalSection
	GlobalSection(SolutionProperties) = preSolution
		HideSolutionNode = FALSE
	EndGlobalSection
	GlobalSection(ProjectConfigurationPlatforms) = postSolution
		{8B0D8B51-EB4E-45C8-8D8D-A27A4DD00D36}.Debug|Any CPU.ActiveCfg = Debug|Any CPU
		{8B0D8B51-EB4E-45C8-8D8D-A27A4DD00D36}.Debug|Any CPU.Build.0 = Debug|Any CPU
		{8B0D8B51-EB4E-45C8-8D8D-A27A4DD00D36}.Release|Any CPU.ActiveCfg = Release|Any CPU
		{8B0D8B51-EB4E-45C8-8D8D-A27A4DD00D36}.Release|Any CPU.Build.0 = Release|Any CPU
		{C620243B-45D9-47BD-A511-94FE9CAE64E6}.Debug|Any CPU.ActiveCfg = Debug|Any CPU
		{C620243B-45D9-47BD-A511-94FE9CAE64E6}.Debug|Any CPU.Build.0 = Debug|Any CPU
		{C620243B-45D9-47BD-A511-94FE9CAE64E6}.Release|Any CPU.ActiveCfg = Release|Any CPU
		{C620243B-45D9-47BD-A511-94FE9CAE64E6}.Release|Any CPU.Build.0 = Release|Any CPU
		{5FC3C523-D786-4D3A-9216-D1117FDE2B72}.Debug|Any CPU.ActiveCfg = Debug|Any CPU
		{5FC3C523-D786-4D3A-9216-D1117FDE2B72}.Debug|Any CPU.Build.0 = Debug|Any CPU
		{5FC3C523-D786-4D3A-9216-D1117FDE2B72}.Release|Any CPU.ActiveCfg = Release|Any CPU
		{5FC3C523-D786-4D3A-9216-D1117FDE2B72}.Release|Any CPU.Build.0 = Release|Any CPU
		{4AFDCB96-AFA3-4AA0-B159-D01842C241D0}.Debug|Any CPU.ActiveCfg = Debug|Any CPU
		{4AFDCB96-AFA3-4AA0-B159-D01842C241D0}.Debug|Any CPU.Build.0 = Debug|Any CPU
		{4AFDCB96-AFA3-4AA0-B159-D01842C241D0}.Release|Any CPU.ActiveCfg = Release|Any CPU
		{4AFDCB96-AFA3-4AA0-B159-D01842C241D0}.Release|Any CPU.Build.0 = Release|Any CPU
	EndGlobalSection
	GlobalSection(NestedProjects) = preSolution
		{8B0D8B51-EB4E-45C8-8D8D-A27A4DD00D36} = {67D44161-F43D-49D1-8281-663E00A4E9D3}
		{C620243B-45D9-47BD-A511-94FE9CAE64E6} = {67D44161-F43D-49D1-8281-663E00A4E9D3}
		{5FC3C523-D786-4D3A-9216-D1117FDE2B72} = {67D44161-F43D-49D1-8281-663E00A4E9D3}
		{4AFDCB96-AFA3-4AA0-B159-D01842C241D0} = {67D44161-F43D-49D1-8281-663E00A4E9D3}
	EndGlobalSection
EndGlobal
